
Microsoft Visual Studio Solution File, Format Version 12.00
# Visual Studio Version 17
VisualStudioVersion = 17.14.36203.30 d17.14
MinimumVisualStudioVersion = 10.0.40219.1
Project("{FAE04EC0-301F-11D3-BF4B-00C04F79EFBC}") = "2_WebApi_Handson", "2_WebApi_Handson\2_WebApi_Handson.csproj", "{60017F98-3A96-4340-BB70-7C9F03BE0555}"
EndProject
Global
	GlobalSection(SolutionConfigurationPlatforms) = preSolution
		Debug|Any CPU = Debug|Any CPU
		Release|Any CPU = Release|Any CPU
	EndGlobalSection
	GlobalSection(ProjectConfigurationPlatforms) = postSolution
		{60017F98-3A96-4340-BB70-7C9F03BE0555}.Debug|Any CPU.ActiveCfg = Debug|Any CPU
		{60017F98-3A96-4340-BB70-7C9F03BE0555}.Debug|Any CPU.Build.0 = Debug|Any CPU
		{60017F98-3A96-4340-BB70-7C9F03BE0555}.Release|Any CPU.ActiveCfg = Release|Any CPU
		{60017F98-3A96-4340-BB70-7C9F03BE0555}.Release|Any CPU.Build.0 = Release|Any CPU
	EndGlobalSection
	GlobalSection(SolutionProperties) = preSolution
		HideSolutionNode = FALSE
	EndGlobalSection
	GlobalSection(ExtensibilityGlobals) = postSolution
		SolutionGuid = {0C8D1D59-BBF9-452B-8BD9-49F82B606CD4}
	EndGlobalSection
EndGlobal
