
Microsoft Visual Studio Solution File, Format Version 12.00
# Visual Studio Version 17
VisualStudioVersion = 17.14.36203.30 d17.14
MinimumVisualStudioVersion = 10.0.40219.1
Project("{FAE04EC0-301F-11D3-BF4B-00C04F79EFBC}") = "1_Microservices_JWT", "1_Microservices_JWT\1_Microservices_JWT.csproj", "{EF414E12-2530-4306-8B08-5CD5FAA198AF}"
EndProject
Global
	GlobalSection(SolutionConfigurationPlatforms) = preSolution
		Debug|Any CPU = Debug|Any CPU
		Release|Any CPU = Release|Any CPU
	EndGlobalSection
	GlobalSection(ProjectConfigurationPlatforms) = postSolution
		{EF414E12-2530-4306-8B08-5CD5FAA198AF}.Debug|Any CPU.ActiveCfg = Debug|Any CPU
		{EF414E12-2530-4306-8B08-5CD5FAA198AF}.Debug|Any CPU.Build.0 = Debug|Any CPU
		{EF414E12-2530-4306-8B08-5CD5FAA198AF}.Release|Any CPU.ActiveCfg = Release|Any CPU
		{EF414E12-2530-4306-8B08-5CD5FAA198AF}.Release|Any CPU.Build.0 = Release|Any CPU
	EndGlobalSection
	GlobalSection(SolutionProperties) = preSolution
		HideSolutionNode = FALSE
	EndGlobalSection
	GlobalSection(ExtensibilityGlobals) = postSolution
		SolutionGuid = {84638EE5-4F95-4801-8B81-BDE69DC0E1A1}
	EndGlobalSection
EndGlobal
