
Microsoft Visual Studio Solution File, Format Version 12.00
# Visual Studio Version 17
VisualStudioVersion = 17.14.36203.30
MinimumVisualStudioVersion = 10.0.40219.1
Project("{FAE04EC0-301F-11D3-BF4B-00C04F79EFBC}") = "CustomerCommLib", "CustomerCommLib\CustomerCommLib.csproj", "{9FD51372-CA2B-4C50-B2BD-3C4B4CBC590A}"
EndProject
Project("{FAE04EC0-301F-11D3-BF4B-00C04F79EFBC}") = "CustomerComm.Tests", "CustomerComm.Tests\CustomerComm.Tests.csproj", "{860AA028-4E17-4145-9931-BD463914FCE4}"
EndProject
Global
	GlobalSection(SolutionConfigurationPlatforms) = preSolution
		Debug|Any CPU = Debug|Any CPU
		Release|Any CPU = Release|Any CPU
	EndGlobalSection
	GlobalSection(ProjectConfigurationPlatforms) = postSolution
		{9FD51372-CA2B-4C50-B2BD-3C4B4CBC590A}.Debug|Any CPU.ActiveCfg = Debug|Any CPU
		{9FD51372-CA2B-4C50-B2BD-3C4B4CBC590A}.Debug|Any CPU.Build.0 = Debug|Any CPU
		{9FD51372-CA2B-4C50-B2BD-3C4B4CBC590A}.Release|Any CPU.ActiveCfg = Release|Any CPU
		{9FD51372-CA2B-4C50-B2BD-3C4B4CBC590A}.Release|Any CPU.Build.0 = Release|Any CPU
		{860AA028-4E17-4145-9931-BD463914FCE4}.Debug|Any CPU.ActiveCfg = Debug|Any CPU
		{860AA028-4E17-4145-9931-BD463914FCE4}.Debug|Any CPU.Build.0 = Debug|Any CPU
		{860AA028-4E17-4145-9931-BD463914FCE4}.Release|Any CPU.ActiveCfg = Release|Any CPU
		{860AA028-4E17-4145-9931-BD463914FCE4}.Release|Any CPU.Build.0 = Release|Any CPU
	EndGlobalSection
	GlobalSection(SolutionProperties) = preSolution
		HideSolutionNode = FALSE
	EndGlobalSection
	GlobalSection(ExtensibilityGlobals) = postSolution
		SolutionGuid = {DD9E10A0-9839-4376-B59B-0C5A42F19CC1}
	EndGlobalSection
EndGlobal
